
Microsoft Visual Studio Solution File, Format Version 12.00
# Visual Studio 15
VisualStudioVersion = 15.0.27703.2042
MinimumVisualStudioVersion = 10.0.40219.1
Project("{FAE04EC0-301F-11D3-BF4B-00C04F79EFBC}") = "ToGo", "Twogo\ToGo.csproj", "{34013FDD-0F71-4E56-90D0-B63FBAEDD536}"
EndProject
Global
	GlobalSection(SolutionConfigurationPlatforms) = preSolution
		Debug|Any CPU = Debug|Any CPU
		Release|Any CPU = Release|Any CPU
	EndGlobalSection
	GlobalSection(ProjectConfigurationPlatforms) = postSolution
		{34013FDD-0F71-4E56-90D0-B63FBAEDD536}.Debug|Any CPU.ActiveCfg = Debug|Any CPU
		{34013FDD-0F71-4E56-90D0-B63FBAEDD536}.Debug|Any CPU.Build.0 = Debug|Any CPU
		{34013FDD-0F71-4E56-90D0-B63FBAEDD536}.Release|Any CPU.ActiveCfg = Release|Any CPU
		{34013FDD-0F71-4E56-90D0-B63FBAEDD536}.Release|Any CPU.Build.0 = Release|Any CPU
	EndGlobalSection
	GlobalSection(SolutionProperties) = preSolution
		HideSolutionNode = FALSE
	EndGlobalSection
	GlobalSection(ExtensibilityGlobals) = postSolution
		SolutionGuid = {704977D0-ECDA-4E78-884F-4E111A918D03}
	EndGlobalSection
EndGlobal
